{
  "name": "ts-dynamic-query-demo",
  "version": "1.0.0",
  "lockfileVersion": 1,
  "requires": true,
  "dependencies": {
    "class-transformer": {
      "version": "0.1.9",
      "resolved": "https://registry.npmjs.org/class-transformer/-/class-transformer-0.1.9.tgz",
      "integrity": "sha512-KV0IteiRl95OZ9UzbuPj8RhckuHA4JTC+Q+ZbKTYPsmvB0GgPRG7JBEXiVhBq/U050OVRku4N5t0rSMHw8vDWw=="
    },
    "ts-commons": {
      "version": "0.0.16",
      "resolved": "https://registry.npmjs.org/ts-commons/-/ts-commons-0.0.16.tgz",
      "integrity": "sha512-OSHMlW7WlijjdQUo7XD2Z0mkyYy7sGL6vENPg/McKabP19HMxKnyU9qKeMkQv+bsjR2k7dCixMBMheGaB2Zgrg=="
    },
    "ts-dynamic-query": {
      "version": "1.0.6",
      "resolved": "https://registry.npmjs.org/ts-dynamic-query/-/ts-dynamic-query-1.0.6.tgz",
      "integrity": "sha512-EPI3WZkL4nX8aMcISHPypKnn/ccFA+NTHOKYmW+56QbWVftwgVqYbPMzL52SXDoNsAUBi+qSF4ALjuhjAOgzCw==",
      "requires": {
        "class-transformer": "0.1.9",
        "ts-commons": "0.0.16"
      }
    }
  }
}
