{
  "name": "ts-dynamic-query-demo",
  "version": "1.0.0",
  "lockfileVersion": 1,
  "requires": true,
  "dependencies": {
    "@types/lodash": {
      "version": "4.14.116",
      "resolved": "https://registry.npmjs.org/@types/lodash/-/lodash-4.14.116.tgz",
      "integrity": "sha512-lRnAtKnxMXcYYXqOiotTmJd74uawNWuPnsnPrrO7HiFuE3npE2iQhfABatbYDyxTNqZNuXzcKGhw37R7RjBFLg==",
      "dev": true
    },
    "class-transformer": {
      "version": "0.1.9",
      "resolved": "https://registry.npmjs.org/class-transformer/-/class-transformer-0.1.9.tgz",
      "integrity": "sha512-KV0IteiRl95OZ9UzbuPj8RhckuHA4JTC+Q+ZbKTYPsmvB0GgPRG7JBEXiVhBq/U050OVRku4N5t0rSMHw8vDWw=="
    },
    "lodash": {
      "version": "4.17.10",
      "resolved": "https://registry.npmjs.org/lodash/-/lodash-4.17.10.tgz",
      "integrity": "sha512-UejweD1pDoXu+AD825lWwp4ZGtSwgnpZxb3JDViD7StjQz+Nb/6l093lx4OQ0foGWNRoc19mWy7BzL+UAK2iVg=="
    },
    "ts-commons": {
      "version": "0.0.16",
      "resolved": "https://registry.npmjs.org/ts-commons/-/ts-commons-0.0.16.tgz",
      "integrity": "sha512-OSHMlW7WlijjdQUo7XD2Z0mkyYy7sGL6vENPg/McKabP19HMxKnyU9qKeMkQv+bsjR2k7dCixMBMheGaB2Zgrg=="
    },
    "ts-dynamic-query": {
      "version": "1.0.7",
      "resolved": "https://registry.npmjs.org/ts-dynamic-query/-/ts-dynamic-query-1.0.7.tgz",
      "integrity": "sha512-XGjA2KoQXf12mQVDw16kKCeGJfqoKax8kxFT6XmXSRjX17oosljlnRKVG13Lw5eqzIEQOF/btbKrxCHuTPbYsA==",
      "requires": {
        "class-transformer": "0.1.9",
        "ts-commons": "0.0.16"
      }
    }
  }
}
